<?xml version="1.0" encoding="utf-8"?>
<Project ToolsVersion="4.0" xmlns="http://schemas.microsoft.com/developer/msbuild/2003">
  <ItemGroup>
    <Filter Include="Source Files">
      <UniqueIdentifier>{4FC737F1-C7A5-4376-A066-2A32D752A2FF}</UniqueIdentifier>
      <Extensions>cpp;c;cc;cxx;def;odl;idl;hpj;bat;asm;asmx</Extensions>
    </Filter>
    <Filter Include="Header Files">
      <UniqueIdentifier>{93995380-89BD-4b04-88EB-625FBE52EBFB}</UniqueIdentifier>
      <Extensions>h;hh;hpp;hxx;hm;inl;inc;ipp;xsd</Extensions>
    </Filter>
    <Filter Include="Resource Files">
      <UniqueIdentifier>{67DA6AB6-F800-4c08-8B7A-83BB121AAD01}</UniqueIdentifier>
      <Extensions>rc;ico;cur;bmp;dlg;rc2;rct;bin;rgs;gif;jpg;jpeg;jpe;resx;tiff;tif;png;wav;mfcribbon-ms</Extensions>
    </Filter>
    <Filter Include="console">
      <UniqueIdentifier>{dfc5c9d9-e375-4d79-bc64-a7e885f09239}</UniqueIdentifier>
    </Filter>
  </ItemGroup>
  <ItemGroup>
    <ClCompile Include="Gamecaro.cpp">
      <Filter>Source Files</Filter>
    </ClCompile>
    <ClCompile Include="gotoxy.cpp">
      <Filter>Source Files</Filter>
    </ClCompile>
    <ClCompile Include="clrscr.cpp">
      <Filter>Source Files</Filter>
    </ClCompile>
    <ClCompile Include="startmenu.cpp">
      <Filter>Source Files</Filter>
    </ClCompile>
    <ClCompile Include="modeplay.cpp">
      <Filter>Source Files</Filter>
    </ClCompile>
    <ClCompile Include="exit.cpp">
      <Filter>Source Files</Filter>
    </ClCompile>
    <ClCompile Include="aboutus.cpp">
      <Filter>Source Files</Filter>
    </ClCompile>
    <ClCompile Include="vekhungintro.cpp">
      <Filter>Source Files</Filter>
    </ClCompile>
    <ClCompile Include="textcolor.cpp">
      <Filter>Source Files</Filter>
    </ClCompile>
    <ClCompile Include="playsound.cpp">
      <Filter>Source Files</Filter>
    </ClCompile>
    <ClCompile Include="vekhung.cpp">
      <Filter>Source Files</Filter>
    </ClCompile>
    <ClCompile Include="chienthang.cpp">
      <Filter>Source Files</Filter>
    </ClCompile>
    <ClCompile Include="setting.cpp">
      <Filter>Source Files</Filter>
    </ClCompile>
  </ItemGroup>
  <ItemGroup>
    <ClInclude Include="..\console.h">
      <Filter>console</Filter>
    </ClInclude>
    <ClInclude Include="ham.h">
      <Filter>Header Files</Filter>
    </ClInclude>
  </ItemGroup>
  <ItemGroup>
    <Media Include="C:\Users\LENOVO\Downloads\Music\Pokemon Emerald Title Screen theme.wav">
      <Filter>Resource Files</Filter>
    </Media>
  </ItemGroup>
</Project>